
Microsoft Visual Studio Solution File, Format Version 12.00
# Visual Studio Version 17
VisualStudioVersion = 17.11.35327.3
MinimumVisualStudioVersion = 10.0.40219.1
Project("{FAE04EC0-301F-11D3-BF4B-00C04F79EFBC}") = "BasicC#Programs", "demo\BasicC#Programs.csproj", "{4ED8A68C-8232-4117-9415-0C56F168345B}"
EndProject
Global
	GlobalSection(SolutionConfigurationPlatforms) = preSolution
		Debug|Any CPU = Debug|Any CPU
		Release|Any CPU = Release|Any CPU
	EndGlobalSection
	GlobalSection(ProjectConfigurationPlatforms) = postSolution
		{4ED8A68C-8232-4117-9415-0C56F168345B}.Debug|Any CPU.ActiveCfg = Debug|Any CPU
		{4ED8A68C-8232-4117-9415-0C56F168345B}.Debug|Any CPU.Build.0 = Debug|Any CPU
		{4ED8A68C-8232-4117-9415-0C56F168345B}.Release|Any CPU.ActiveCfg = Release|Any CPU
		{4ED8A68C-8232-4117-9415-0C56F168345B}.Release|Any CPU.Build.0 = Release|Any CPU
	EndGlobalSection
	GlobalSection(SolutionProperties) = preSolution
		HideSolutionNode = FALSE
	EndGlobalSection
	GlobalSection(ExtensibilityGlobals) = postSolution
		SolutionGuid = {FC8C29F0-2BC8-4179-906D-8524D9C48085}
	EndGlobalSection
EndGlobal
